// !$*UTF8*$!
{
	archiveVersion = 1;
	classes = {
	};
	objectVersion = 46;
	objects = {

/* Begin PBXBuildFile section */
		39C90D7F1C9E73BB00C046E0 /* AppDelegate.swift in Sources */ = {isa = PBXBuildFile; fileRef = 39C90D7E1C9E73BB00C046E0 /* AppDelegate.swift */; };
		39C90D811C9E73BB00C046E0 /* ViewController.swift in Sources */ = {isa = PBXBuildFile; fileRef = 39C90D801C9E73BB00C046E0 /* ViewController.swift */; };
		39C90D841C9E73BB00C046E0 /* Main.storyboard in Resources */ = {isa = PBXBuildFile; fileRef = 39C90D821C9E73BB00C046E0 /* Main.storyboard */; };
		39C90D861C9E73BB00C046E0 /* Assets.xcassets in Resources */ = {isa = PBXBuildFile; fileRef = 39C90D851C9E73BB00C046E0 /* Assets.xcassets */; };
		39C90D891C9E73BB00C046E0 /* LaunchScreen.storyboard in Resources */ = {isa = PBXBuildFile; fileRef = 39C90D871C9E73BB00C046E0 /* LaunchScreen.storyboard */; };
		39C90D941C9E73BB00C046E0 /* lovejpTests.swift in Sources */ = {isa = PBXBuildFile; fileRef = 39C90D931C9E73BB00C046E0 /* lovejpTests.swift */; };
		39C90D9F1C9E73BB00C046E0 /* lovejpUITests.swift in Sources */ = {isa = PBXBuildFile; fileRef = 39C90D9E1C9E73BB00C046E0 /* lovejpUITests.swift */; };
/* End PBXBuildFile section */

/* Begin PBXContainerItemProxy section */
		39C90D901C9E73BB00C046E0 /* PBXContainerItemProxy */ = {
			isa = PBXContainerItemProxy;
			containerPortal = 39C90D731C9E73BB00C046E0 /* Project object */;
			proxyType = 1;
			remoteGlobalIDString = 39C90D7A1C9E73BB00C046E0;
			remoteInfo = lovejp;
		};
		39C90D9B1C9E73BB00C046E0 /* PBXContainerItemProxy */ = {
			isa = PBXContainerItemProxy;
			containerPortal = 39C90D731C9E73BB00C046E0 /* Project object */;
			proxyType = 1;
			remoteGlobalIDString = 39C90D7A1C9E73BB00C046E0;
			remoteInfo = lovejp;
		};
/* End PBXContainerItemProxy section */

/* Begin PBXFileReference section */
		39C90D7B1C9E73BB00C046E0 /* lovejp.app */ = {isa = PBXFileReference; explicitFileType = wrapper.application; includeInIndex = 0; path = lovejp.app; sourceTree = BUILT_PRODUCTS_DIR; };
		39C90D7E1C9E73BB00C046E0 /* AppDelegate.swift */ = {isa = PBXFileReference; lastKnownFileType = sourcecode.swift; path = AppDelegate.swift; sourceTree = "<group>"; };
		39C90D801C9E73BB00C046E0 /* ViewController.swift */ = {isa = PBXFileReference; lastKnownFileType = sourcecode.swift; path = ViewController.swift; sourceTree = "<group>"; };
		39C90D831C9E73BB00C046E0 /* Base */ = {isa = PBXFileReference; lastKnownFileType = file.storyboard; name = Base; path = Base.lproj/Main.storyboard; sourceTree = "<group>"; };
		39C90D851C9E73BB00C046E0 /* Assets.xcassets */ = {isa = PBXFileReference; lastKnownFileType = folder.assetcatalog; path = Assets.xcassets; sourceTree = "<group>"; };
		39C90D881C9E73BB00C046E0 /* Base */ = {isa = PBXFileReference; lastKnownFileType = file.storyboard; name = Base; path = Base.lproj/LaunchScreen.storyboard; sourceTree = "<group>"; };
		39C90D8A1C9E73BB00C046E0 /* Info.plist */ = {isa = PBXFileReference; lastKnownFileType = text.plist.xml; path = Info.plist; sourceTree = "<group>"; };
		39C90D8F1C9E73BB00C046E0 /* lovejpTests.xctest */ = {isa = PBXFileReference; explicitFileType = wrapper.cfbundle; includeInIndex = 0; path = lovejpTests.xctest; sourceTree = BUILT_PRODUCTS_DIR; };
		39C90D931C9E73BB00C046E0 /* lovejpTests.swift */ = {isa = PBXFileReference; lastKnownFileType = sourcecode.swift; path = lovejpTests.swift; sourceTree = "<group>"; };
		39C90D951C9E73BB00C046E0 /* Info.plist */ = {isa = PBXFileReference; lastKnownFileType = text.plist.xml; path = Info.plist; sourceTree = "<group>"; };
		39C90D9A1C9E73BB00C046E0 /* lovejpUITests.xctest */ = {isa = PBXFileReference; explicitFileType = wrapper.cfbundle; includeInIndex = 0; path = lovejpUITests.xctest; sourceTree = BUILT_PRODUCTS_DIR; };
		39C90D9E1C9E73BB00C046E0 /* lovejpUITests.swift */ = {isa = PBXFileReference; lastKnownFileType = sourcecode.swift; path = lovejpUITests.swift; sourceTree = "<group>"; };
		39C90DA01C9E73BB00C046E0 /* Info.plist */ = {isa = PBXFileReference; lastKnownFileType = text.plist.xml; path = Info.plist; sourceTree = "<group>"; };
/* End PBXFileReference section */

/* Begin PBXFrameworksBuildPhase section */
		39C90D781C9E73BB00C046E0 /* Frameworks */ = {
			isa = PBXFrameworksBuildPhase;
			buildActionMask = 2147483647;
			files = (
			);
			runOnlyForDeploymentPostprocessing = 0;
		};
		39C90D8C1C9E73BB00C046E0 /* Frameworks */ = {
			isa = PBXFrameworksBuildPhase;
			buildActionMask = 2147483647;
			files = (
			);
			runOnlyForDeploymentPostprocessing = 0;
		};
		39C90D971C9E73BB00C046E0 /* Frameworks */ = {
			isa = PBXFrameworksBuildPhase;
			buildActionMask = 2147483647;
			files = (
			);
			runOnlyForDeploymentPostprocessing = 0;
		};
/* End PBXFrameworksBuildPhase section */

/* Begin PBXGroup section */
		39C90D721C9E73BB00C046E0 = {
			isa = PBXGroup;
			children = (
				39C90D7D1C9E73BB00C046E0 /* lovejp */,
				39C90D921C9E73BB00C046E0 /* lovejpTests */,
				39C90D9D1C9E73BB00C046E0 /* lovejpUITests */,
				39C90D7C1C9E73BB00C046E0 /* Products */,
			);
			sourceTree = "<group>";
		};
		39C90D7C1C9E73BB00C046E0 /* Products */ = {
			isa = PBXGroup;
			children = (
				39C90D7B1C9E73BB00C046E0 /* lovejp.app */,
				39C90D8F1C9E73BB00C046E0 /* lovejpTests.xctest */,
				39C90D9A1C9E73BB00C046E0 /* lovejpUITests.xctest */,
			);
			name = Products;
			sourceTree = "<group>";
		};
		39C90D7D1C9E73BB00C046E0 /* lovejp */ = {
			isa = PBXGroup;
			children = (
				39C90D7E1C9E73BB00C046E0 /* AppDelegate.swift */,
				39C90D801C9E73BB00C046E0 /* ViewController.swift */,
				39C90D821C9E73BB00C046E0 /* Main.storyboard */,
				39C90D851C9E73BB00C046E0 /* Assets.xcassets */,
				39C90D871C9E73BB00C046E0 /* LaunchScreen.storyboard */,
				39C90D8A1C9E73BB00C046E0 /* Info.plist */,
			);
			path = lovejp;
			sourceTree = "<group>";
		};
		39C90D921C9E73BB00C046E0 /* lovejpTests */ = {
			isa = PBXGroup;
			children = (
				39C90D931C9E73BB00C046E0 /* lovejpTests.swift */,
				39C90D951C9E73BB00C046E0 /* Info.plist */,
			);
			path = lovejpTests;
			sourceTree = "<group>";
		};
		39C90D9D1C9E73BB00C046E0 /* lovejpUITests */ = {
			isa = PBXGroup;
			children = (
				39C90D9E1C9E73BB00C046E0 /* lovejpUITests.swift */,
				39C90DA01C9E73BB00C046E0 /* Info.plist */,
			);
			path = lovejpUITests;
			sourceTree = "<group>";
		};
/* End PBXGroup section */

/* Begin PBXNativeTarget section */
		39C90D7A1C9E73BB00C046E0 /* lovejp */ = {
			isa = PBXNativeTarget;
			buildConfigurationList = 39C90DA31C9E73BB00C046E0 /* Build configuration list for PBXNativeTarget "lovejp" */;
			buildPhases = (
				39C90D771C9E73BB00C046E0 /* Sources */,
				39C90D781C9E73BB00C046E0 /* Frameworks */,
				39C90D791C9E73BB00C046E0 /* Resources */,
			);
			buildRules = (
			);
			dependencies = (
			);
			name = lovejp;
			productName = lovejp;
			productReference = 39C90D7B1C9E73BB00C046E0 /* lovejp.app */;
			productType = "com.apple.product-type.application";
		};
		39C90D8E1C9E73BB00C046E0 /* lovejpTests */ = {
			isa = PBXNativeTarget;
			buildConfigurationList = 39C90DA61C9E73BB00C046E0 /* Build configuration list for PBXNativeTarget "lovejpTests" */;
			buildPhases = (
				39C90D8B1C9E73BB00C046E0 /* Sources */,
				39C90D8C1C9E73BB00C046E0 /* Frameworks */,
				39C90D8D1C9E73BB00C046E0 /* Resources */,
			);
			buildRules = (
			);
			dependencies = (
				39C90D911C9E73BB00C046E0 /* PBXTargetDependency */,
			);
			name = lovejpTests;
			productName = lovejpTests;
			productReference = 39C90D8F1C9E73BB00C046E0 /* lovejpTests.xctest */;
			productType = "com.apple.product-type.bundle.unit-test";
		};
		39C90D991C9E73BB00C046E0 /* lovejpUITests */ = {
			isa = PBXNativeTarget;
			buildConfigurationList = 39C90DA91C9E73BB00C046E0 /* Build configuration list for PBXNativeTarget "lovejpUITests" */;
			buildPhases = (
				39C90D961C9E73BB00C046E0 /* Sources */,
				39C90D971C9E73BB00C046E0 /* Frameworks */,
				39C90D981C9E73BB00C046E0 /* Resources */,
			);
			buildRules = (
			);
			dependencies = (
				39C90D9C1C9E73BB00C046E0 /* PBXTargetDependency */,
			);
			name = lovejpUITests;
			productName = lovejpUITests;
			productReference = 39C90D9A1C9E73BB00C046E0 /* lovejpUITests.xctest */;
			productType = "com.apple.product-type.bundle.ui-testing";
		};
/* End PBXNativeTarget section */

/* Begin PBXProject section */
		39C90D731C9E73BB00C046E0 /* Project object */ = {
			isa = PBXProject;
			attributes = {
				LastSwiftUpdateCheck = 0720;
				LastUpgradeCheck = 0720;
				ORGANIZATIONNAME = ping;
				TargetAttributes = {
					39C90D7A1C9E73BB00C046E0 = {
						CreatedOnToolsVersion = 7.2.1;
					};
					39C90D8E1C9E73BB00C046E0 = {
						CreatedOnToolsVersion = 7.2.1;
						TestTargetID = 39C90D7A1C9E73BB00C046E0;
					};
					39C90D991C9E73BB00C046E0 = {
						CreatedOnToolsVersion = 7.2.1;
						TestTargetID = 39C90D7A1C9E73BB00C046E0;
					};
				};
			};
			buildConfigurationList = 39C90D761C9E73BB00C046E0 /* Build configuration list for PBXProject "lovejp" */;
			compatibilityVersion = "Xcode 3.2";
			developmentRegion = English;
			hasScannedForEncodings = 0;
			knownRegions = (
				en,
				Base,
			);
			mainGroup = 39C90D721C9E73BB00C046E0;
			productRefGroup = 39C90D7C1C9E73BB00C046E0 /* Products */;
			projectDirPath = "";
			projectRoot = "";
			targets = (
				39C90D7A1C9E73BB00C046E0 /* lovejp */,
				39C90D8E1C9E73BB00C046E0 /* lovejpTests */,
				39C90D991C9E73BB00C046E0 /* lovejpUITests */,
			);
		};
/* End PBXProject section */

/* Begin PBXResourcesBuildPhase section */
		39C90D791C9E73BB00C046E0 /* Resources */ = {
			isa = PBXResourcesBuildPhase;
			buildActionMask = 2147483647;
			files = (
				39C90D891C9E73BB00C046E0 /* LaunchScreen.storyboard in Resources */,
				39C90D861C9E73BB00C046E0 /* Assets.xcassets in Resources */,
				39C90D841C9E73BB00C046E0 /* Main.storyboard in Resources */,
			);
			runOnlyForDeploymentPostprocessing = 0;
		};
		39C90D8D1C9E73BB00C046E0 /* Resources */ = {
			isa = PBXResourcesBuildPhase;
			buildActionMask = 2147483647;
			files = (
			);
			runOnlyForDeploymentPostprocessing = 0;
		};
		39C90D981C9E73BB00C046E0 /* Resources */ = {
			isa = PBXResourcesBuildPhase;
			buildActionMask = 2147483647;
			files = (
			);
			runOnlyForDeploymentPostprocessing = 0;
		};
/* End PBXResourcesBuildPhase section */

/* Begin PBXSourcesBuildPhase section */
		39C90D771C9E73BB00C046E0 /* Sources */ = {
			isa = PBXSourcesBuildPhase;
			buildActionMask = 2147483647;
			files = (
				39C90D811C9E73BB00C046E0 /* ViewController.swift in Sources */,
				39C90D7F1C9E73BB00C046E0 /* AppDelegate.swift in Sources */,
			);
			runOnlyForDeploymentPostprocessing = 0;
		};
		39C90D8B1C9E73BB00C046E0 /* Sources */ = {
			isa = PBXSourcesBuildPhase;
			buildActionMask = 2147483647;
			files = (
				39C90D941C9E73BB00C046E0 /* lovejpTests.swift in Sources */,
			);
			runOnlyForDeploymentPostprocessing = 0;
		};
		39C90D961C9E73BB00C046E0 /* Sources */ = {
			isa = PBXSourcesBuildPhase;
			buildActionMask = 2147483647;
			files = (
				39C90D9F1C9E73BB00C046E0 /* lovejpUITests.swift in Sources */,
			);
			runOnlyForDeploymentPostprocessing = 0;
		};
/* End PBXSourcesBuildPhase section */

/* Begin PBXTargetDependency section */
		39C90D911C9E73BB00C046E0 /* PBXTargetDependency */ = {
			isa = PBXTargetDependency;
			target = 39C90D7A1C9E73BB00C046E0 /* lovejp */;
			targetProxy = 39C90D901C9E73BB00C046E0 /* PBXContainerItemProxy */;
		};
		39C90D9C1C9E73BB00C046E0 /* PBXTargetDependency */ = {
			isa = PBXTargetDependency;
			target = 39C90D7A1C9E73BB00C046E0 /* lovejp */;
			targetProxy = 39C90D9B1C9E73BB00C046E0 /* PBXContainerItemProxy */;
		};
/* End PBXTargetDependency section */

/* Begin PBXVariantGroup section */
		39C90D821C9E73BB00C046E0 /* Main.storyboard */ = {
			isa = PBXVariantGroup;
			children = (
				39C90D831C9E73BB00C046E0 /* Base */,
			);
			name = Main.storyboard;
			sourceTree = "<group>";
		};
		39C90D871C9E73BB00C046E0 /* LaunchScreen.storyboard */ = {
			isa = PBXVariantGroup;
			children = (
				39C90D881C9E73BB00C046E0 /* Base */,
			);
			name = LaunchScreen.storyboard;
			sourceTree = "<group>";
		};
/* End PBXVariantGroup section */

/* Begin XCBuildConfiguration section */
		39C90DA11C9E73BB00C046E0 /* Debug */ = {
			isa = XCBuildConfiguration;
			buildSettings = {
				ALWAYS_SEARCH_USER_PATHS = NO;
				CLANG_CXX_LANGUAGE_STANDARD = "gnu++0x";
				CLANG_CXX_LIBRARY = "libc++";
				CLANG_ENABLE_MODULES = YES;
				CLANG_ENABLE_OBJC_ARC = YES;
				CLANG_WARN_BOOL_CONVERSION = YES;
				CLANG_WARN_CONSTANT_CONVERSION = YES;
				CLANG_WARN_DIRECT_OBJC_ISA_USAGE = YES_ERROR;
				CLANG_WARN_EMPTY_BODY = YES;
				CLANG_WARN_ENUM_CONVERSION = YES;
				CLANG_WARN_INT_CONVERSION = YES;
				CLANG_WARN_OBJC_ROOT_CLASS = YES_ERROR;
				CLANG_WARN_UNREACHABLE_CODE = YES;
				CLANG_WARN__DUPLICATE_METHOD_MATCH = YES;
				"CODE_SIGN_IDENTITY[sdk=iphoneos*]" = "iPhone Developer";
				COPY_PHASE_STRIP = NO;
				DEBUG_INFORMATION_FORMAT = dwarf;
				ENABLE_STRICT_OBJC_MSGSEND = YES;
				ENABLE_TESTABILITY = YES;
				GCC_C_LANGUAGE_STANDARD = gnu99;
				GCC_DYNAMIC_NO_PIC = NO;
				GCC_NO_COMMON_BLOCKS = YES;
				GCC_OPTIMIZATION_LEVEL = 0;
				GCC_PREPROCESSOR_DEFINITIONS = (
					"DEBUG=1",
					"$(inherited)",
				);
				GCC_WARN_64_TO_32_BIT_CONVERSION = YES;
				GCC_WARN_ABOUT_RETURN_TYPE = YES_ERROR;
				GCC_WARN_UNDECLARED_SELECTOR = YES;
				GCC_WARN_UNINITIALIZED_AUTOS = YES_AGGRESSIVE;
				GCC_WARN_UNUSED_FUNCTION = YES;
				GCC_WARN_UNUSED_VARIABLE = YES;
				IPHONEOS_DEPLOYMENT_TARGET = 9.2;
				MTL_ENABLE_DEBUG_INFO = YES;
				ONLY_ACTIVE_ARCH = YES;
				SDKROOT = iphoneos;
				SWIFT_OPTIMIZATION_LEVEL = "-Onone";
				TARGETED_DEVICE_FAMILY = "1,2";
			};
			name = Debug;
		};
		39C90DA21C9E73BB00C046E0 /* Release */ = {
			isa = XCBuildConfiguration;
			buildSettings = {
				ALWAYS_SEARCH_USER_PATHS = NO;
				CLANG_CXX_LANGUAGE_STANDARD = "gnu++0x";
				CLANG_CXX_LIBRARY = "libc++";
				CLANG_ENABLE_MODULES = YES;
				CLANG_ENABLE_OBJC_ARC = YES;
				CLANG_WARN_BOOL_CONVERSION = YES;
				CLANG_WARN_CONSTANT_CONVERSION = YES;
				CLANG_WARN_DIRECT_OBJC_ISA_USAGE = YES_ERROR;
				CLANG_WARN_EMPTY_BODY = YES;
				CLANG_WARN_ENUM_CONVERSION = YES;
				CLANG_WARN_INT_CONVERSION = YES;
				CLANG_WARN_OBJC_ROOT_CLASS = YES_ERROR;
				CLANG_WARN_UNREACHABLE_CODE = YES;
				CLANG_WARN__DUPLICATE_METHOD_MATCH = YES;
				"CODE_SIGN_IDENTITY[sdk=iphoneos*]" = "iPhone Developer";
				COPY_PHASE_STRIP = NO;
				DEBUG_INFORMATION_FORMAT = "dwarf-with-dsym";
				ENABLE_NS_ASSERTIONS = NO;
				ENABLE_STRICT_OBJC_MSGSEND = YES;
				GCC_C_LANGUAGE_STANDARD = gnu99;
				GCC_NO_COMMON_BLOCKS = YES;
				GCC_WARN_64_TO_32_BIT_CONVERSION = YES;
				GCC_WARN_ABOUT_RETURN_TYPE = YES_ERROR;
				GCC_WARN_UNDECLARED_SELECTOR = YES;
				GCC_WARN_UNINITIALIZED_AUTOS = YES_AGGRESSIVE;
				GCC_WARN_UNUSED_FUNCTION = YES;
				GCC_WARN_UNUSED_VARIABLE = YES;
				IPHONEOS_DEPLOYMENT_TARGET = 9.2;
				MTL_ENABLE_DEBUG_INFO = NO;
				SDKROOT = iphoneos;
				TARGETED_DEVICE_FAMILY = "1,2";
				VALIDATE_PRODUCT = YES;
			};
			name = Release;
		};
		39C90DA41C9E73BB00C046E0 /* Debug */ = {
			isa = XCBuildConfiguration;
			buildSettings = {
				ASSETCATALOG_COMPILER_APPICON_NAME = AppIcon;
				INFOPLIST_FILE = lovejp/Info.plist;
				LD_RUNPATH_SEARCH_PATHS = "$(inherited) @executable_path/Frameworks";
				PRODUCT_BUNDLE_IDENTIFIER = lovejp.lovejp;
				PRODUCT_NAME = "$(TARGET_NAME)";
			};
			name = Debug;
		};
		39C90DA51C9E73BB00C046E0 /* Release */ = {
			isa = XCBuildConfiguration;
			buildSettings = {
				ASSETCATALOG_COMPILER_APPICON_NAME = AppIcon;
				INFOPLIST_FILE = lovejp/Info.plist;
				LD_RUNPATH_SEARCH_PATHS = "$(inherited) @executable_path/Frameworks";
				PRODUCT_BUNDLE_IDENTIFIER = lovejp.lovejp;
				PRODUCT_NAME = "$(TARGET_NAME)";
			};
			name = Release;
		};
		39C90DA71C9E73BB00C046E0 /* Debug */ = {
			isa = XCBuildConfiguration;
			buildSettings = {
				BUNDLE_LOADER = "$(TEST_HOST)";
				INFOPLIST_FILE = lovejpTests/Info.plist;
				LD_RUNPATH_SEARCH_PATHS = "$(inherited) @executable_path/Frameworks @loader_path/Frameworks";
				PRODUCT_BUNDLE_IDENTIFIER = lovejp.lovejpTests;
				PRODUCT_NAME = "$(TARGET_NAME)";
				TEST_HOST = "$(BUILT_PRODUCTS_DIR)/lovejp.app/lovejp";
			};
			name = Debug;
		};
		39C90DA81C9E73BB00C046E0 /* Release */ = {
			isa = XCBuildConfiguration;
			buildSettings = {
				BUNDLE_LOADER = "$(TEST_HOST)";
				INFOPLIST_FILE = lovejpTests/Info.plist;
				LD_RUNPATH_SEARCH_PATHS = "$(inherited) @executable_path/Frameworks @loader_path/Frameworks";
				PRODUCT_BUNDLE_IDENTIFIER = lovejp.lovejpTests;
				PRODUCT_NAME = "$(TARGET_NAME)";
				TEST_HOST = "$(BUILT_PRODUCTS_DIR)/lovejp.app/lovejp";
			};
			name = Release;
		};
		39C90DAA1C9E73BB00C046E0 /* Debug */ = {
			isa = XCBuildConfiguration;
			buildSettings = {
				INFOPLIST_FILE = lovejpUITests/Info.plist;
				LD_RUNPATH_SEARCH_PATHS = "$(inherited) @executable_path/Frameworks @loader_path/Frameworks";
				PRODUCT_BUNDLE_IDENTIFIER = lovejp.lovejpUITests;
				PRODUCT_NAME = "$(TARGET_NAME)";
				TEST_TARGET_NAME = lovejp;
				USES_XCTRUNNER = YES;
			};
			name = Debug;
		};
		39C90DAB1C9E73BB00C046E0 /* Release */ = {
			isa = XCBuildConfiguration;
			buildSettings = {
				INFOPLIST_FILE = lovejpUITests/Info.plist;
				LD_RUNPATH_SEARCH_PATHS = "$(inherited) @executable_path/Frameworks @loader_path/Frameworks";
				PRODUCT_BUNDLE_IDENTIFIER = lovejp.lovejpUITests;
				PRODUCT_NAME = "$(TARGET_NAME)";
				TEST_TARGET_NAME = lovejp;
				USES_XCTRUNNER = YES;
			};
			name = Release;
		};
/* End XCBuildConfiguration section */

/* Begin XCConfigurationList section */
		39C90D761C9E73BB00C046E0 /* Build configuration list for PBXProject "lovejp" */ = {
			isa = XCConfigurationList;
			buildConfigurations = (
				39C90DA11C9E73BB00C046E0 /* Debug */,
				39C90DA21C9E73BB00C046E0 /* Release */,
			);
			defaultConfigurationIsVisible = 0;
			defaultConfigurationName = Release;
		};
		39C90DA31C9E73BB00C046E0 /* Build configuration list for PBXNativeTarget "lovejp" */ = {
			isa = XCConfigurationList;
			buildConfigurations = (
				39C90DA41C9E73BB00C046E0 /* Debug */,
				39C90DA51C9E73BB00C046E0 /* Release */,
			);
			defaultConfigurationIsVisible = 0;
		};
		39C90DA61C9E73BB00C046E0 /* Build configuration list for PBXNativeTarget "lovejpTests" */ = {
			isa = XCConfigurationList;
			buildConfigurations = (
				39C90DA71C9E73BB00C046E0 /* Debug */,
				39C90DA81C9E73BB00C046E0 /* Release */,
			);
			defaultConfigurationIsVisible = 0;
		};
		39C90DA91C9E73BB00C046E0 /* Build configuration list for PBXNativeTarget "lovejpUITests" */ = {
			isa = XCConfigurationList;
			buildConfigurations = (
				39C90DAA1C9E73BB00C046E0 /* Debug */,
				39C90DAB1C9E73BB00C046E0 /* Release */,
			);
			defaultConfigurationIsVisible = 0;
		};
/* End XCConfigurationList section */
	};
	rootObject = 39C90D731C9E73BB00C046E0 /* Project object */;
}
